{
  "version": 4,
  "terraform_version": "1.6.2",
  "serial": 284,
  "lineage": "5c18c7d9-2b2d-fc1a-f5bf-8bbf02d0e51f",
  "outputs": {
    "node_exporter_ip": {
      "value": "18.193.157.26",
      "type": "string"
    },
    "prometheus_ip": {
      "value": "3.78.228.36",
      "type": "string"
    }
  },
  "resources": [
    {
      "mode": "data",
      "type": "template_file",
      "name": "hosts_file",
      "provider": "provider[\"registry.terraform.io/hashicorp/template\"]",
      "instances": [
        {
          "schema_version": 0,
          "attributes": {
            "filename": null,
            "id": "b899f64b7d2004264e1abbedf9a4d008d41303d38b8dfa012705b42828ef7191",
            "rendered": "[prometheus]\r\n3.78.228.36 ansible_user=ubuntu ansible_ssh_private_key_file=~/UE119.pem\r\n[node_exporter]\r\n18.193.157.26 ansible_user=ubuntu ansible_ssh_private_key_file=~/UE119.pem\r\n[grafana]\r\n3.78.228.36 ansible_user=ubuntu ansible_ssh_private_key_file=~/UE119.pem\r\n\r\n[all:vars]\r\nnode_exporter_ip=18.193.157.26\r\n",
            "template": "[prometheus]\r\n${prometheus_ip} ansible_user=ubuntu ansible_ssh_private_key_file=~/UE119.pem\r\n[node_exporter]\r\n${node_exporter_ip} ansible_user=ubuntu ansible_ssh_private_key_file=~/UE119.pem\r\n[grafana]\r\n${prometheus_ip} ansible_user=ubuntu ansible_ssh_private_key_file=~/UE119.pem\r\n\r\n[all:vars]\r\nnode_exporter_ip=${node_exporter_ip}\r\n",
            "vars": {
              "node_exporter_ip": "18.193.157.26",
              "prometheus_ip": "3.78.228.36"
            }
          },
          "sensitive_attributes": []
        }
      ]
    },
    {
      "mode": "managed",
      "type": "aws_instance",
      "name": "node_exporter",
      "provider": "provider[\"registry.terraform.io/hashicorp/aws\"]",
      "instances": [
        {
          "schema_version": 1,
          "attributes": {
            "ami": "ami-06dd92ecc74fdfb36",
            "arn": "arn:aws:ec2:eu-central-1:875454170451:instance/i-0a27234c06652b7fe",
            "associate_public_ip_address": true,
            "availability_zone": "eu-central-1c",
            "capacity_reservation_specification": [
              {
                "capacity_reservation_preference": "open",
                "capacity_reservation_target": []
              }
            ],
            "cpu_core_count": 1,
            "cpu_options": [
              {
                "amd_sev_snp": "",
                "core_count": 1,
                "threads_per_core": 1
              }
            ],
            "cpu_threads_per_core": 1,
            "credit_specification": [
              {
                "cpu_credits": "standard"
              }
            ],
            "disable_api_stop": false,
            "disable_api_termination": false,
            "ebs_block_device": [],
            "ebs_optimized": false,
            "enclave_options": [
              {
                "enabled": false
              }
            ],
            "ephemeral_block_device": [],
            "get_password_data": false,
            "hibernation": false,
            "host_id": "",
            "host_resource_group_arn": null,
            "iam_instance_profile": "ue133_2",
            "id": "i-0a27234c06652b7fe",
            "instance_initiated_shutdown_behavior": "stop",
            "instance_lifecycle": "",
            "instance_market_options": [],
            "instance_state": "running",
            "instance_type": "t2.micro",
            "ipv6_address_count": 0,
            "ipv6_addresses": [],
            "key_name": "UE119",
            "launch_template": [],
            "maintenance_options": [
              {
                "auto_recovery": "default"
              }
            ],
            "metadata_options": [
              {
                "http_endpoint": "enabled",
                "http_protocol_ipv6": "disabled",
                "http_put_response_hop_limit": 1,
                "http_tokens": "required",
                "instance_metadata_tags": "disabled"
              }
            ],
            "monitoring": false,
            "network_interface": [],
            "outpost_arn": "",
            "password_data": "",
            "placement_group": "",
            "placement_partition_number": 0,
            "primary_network_interface_id": "eni-01566ac37ef5ec4b8",
            "private_dns": "ip-10-0-3-112.eu-central-1.compute.internal",
            "private_dns_name_options": [
              {
                "enable_resource_name_dns_a_record": false,
                "enable_resource_name_dns_aaaa_record": false,
                "hostname_type": "ip-name"
              }
            ],
            "private_ip": "10.0.3.112",
            "public_dns": "",
            "public_ip": "18.193.157.26",
            "root_block_device": [
              {
                "delete_on_termination": true,
                "device_name": "/dev/sda1",
                "encrypted": false,
                "iops": 100,
                "kms_key_id": "",
                "tags": {},
                "throughput": 0,
                "volume_id": "vol-0a2544ac2476c09c9",
                "volume_size": 8,
                "volume_type": "gp2"
              }
            ],
            "secondary_private_ips": [],
            "security_groups": [],
            "source_dest_check": true,
            "spot_instance_request_id": "",
            "subnet_id": "subnet-025983955e5bfd1de",
            "tags": {
              "Name": "UE133 - node exporter"
            },
            "tags_all": {
              "Name": "UE133 - node exporter"
            },
            "tenancy": "default",
            "timeouts": null,
            "user_data": null,
            "user_data_base64": null,
            "user_data_replace_on_change": false,
            "volume_tags": null,
            "vpc_security_group_ids": [
              "sg-0052d1b326e93beff"
            ]
          },
          "sensitive_attributes": [],
          "private": "eyJlMmJmYjczMC1lY2FhLTExZTYtOGY4OC0zNDM2M2JjN2M0YzAiOnsiY3JlYXRlIjo2MDAwMDAwMDAwMDAsImRlbGV0ZSI6MTIwMDAwMDAwMDAwMCwidXBkYXRlIjo2MDAwMDAwMDAwMDB9LCJzY2hlbWFfdmVyc2lvbiI6IjEifQ=="
        }
      ]
    },
    {
      "mode": "managed",
      "type": "aws_instance",
      "name": "prometheus",
      "provider": "provider[\"registry.terraform.io/hashicorp/aws\"]",
      "instances": [
        {
          "schema_version": 1,
          "attributes": {
            "ami": "ami-06dd92ecc74fdfb36",
            "arn": "arn:aws:ec2:eu-central-1:875454170451:instance/i-0d571aef293e56f75",
            "associate_public_ip_address": true,
            "availability_zone": "eu-central-1c",
            "capacity_reservation_specification": [
              {
                "capacity_reservation_preference": "open",
                "capacity_reservation_target": []
              }
            ],
            "cpu_core_count": 1,
            "cpu_options": [
              {
                "amd_sev_snp": "",
                "core_count": 1,
                "threads_per_core": 1
              }
            ],
            "cpu_threads_per_core": 1,
            "credit_specification": [
              {
                "cpu_credits": "standard"
              }
            ],
            "disable_api_stop": false,
            "disable_api_termination": false,
            "ebs_block_device": [],
            "ebs_optimized": false,
            "enclave_options": [
              {
                "enabled": false
              }
            ],
            "ephemeral_block_device": [],
            "get_password_data": false,
            "hibernation": false,
            "host_id": "",
            "host_resource_group_arn": null,
            "iam_instance_profile": "ue133_2",
            "id": "i-0d571aef293e56f75",
            "instance_initiated_shutdown_behavior": "stop",
            "instance_lifecycle": "",
            "instance_market_options": [],
            "instance_state": "running",
            "instance_type": "t2.micro",
            "ipv6_address_count": 0,
            "ipv6_addresses": [],
            "key_name": "UE119",
            "launch_template": [],
            "maintenance_options": [
              {
                "auto_recovery": "default"
              }
            ],
            "metadata_options": [
              {
                "http_endpoint": "enabled",
                "http_protocol_ipv6": "disabled",
                "http_put_response_hop_limit": 1,
                "http_tokens": "required",
                "instance_metadata_tags": "disabled"
              }
            ],
            "monitoring": false,
            "network_interface": [],
            "outpost_arn": "",
            "password_data": "",
            "placement_group": "",
            "placement_partition_number": 0,
            "primary_network_interface_id": "eni-0046f31855bd55771",
            "private_dns": "ip-10-0-3-194.eu-central-1.compute.internal",
            "private_dns_name_options": [
              {
                "enable_resource_name_dns_a_record": false,
                "enable_resource_name_dns_aaaa_record": false,
                "hostname_type": "ip-name"
              }
            ],
            "private_ip": "10.0.3.194",
            "public_dns": "",
            "public_ip": "3.78.228.36",
            "root_block_device": [
              {
                "delete_on_termination": true,
                "device_name": "/dev/sda1",
                "encrypted": false,
                "iops": 100,
                "kms_key_id": "",
                "tags": {},
                "throughput": 0,
                "volume_id": "vol-01e15ae69bf0cc3f4",
                "volume_size": 8,
                "volume_type": "gp2"
              }
            ],
            "secondary_private_ips": [],
            "security_groups": [],
            "source_dest_check": true,
            "spot_instance_request_id": "",
            "subnet_id": "subnet-025983955e5bfd1de",
            "tags": {
              "Name": "UE133 Prometheus"
            },
            "tags_all": {
              "Name": "UE133 Prometheus"
            },
            "tenancy": "default",
            "timeouts": null,
            "user_data": null,
            "user_data_base64": null,
            "user_data_replace_on_change": false,
            "volume_tags": null,
            "vpc_security_group_ids": [
              "sg-0052d1b326e93beff"
            ]
          },
          "sensitive_attributes": [],
          "private": "eyJlMmJmYjczMC1lY2FhLTExZTYtOGY4OC0zNDM2M2JjN2M0YzAiOnsiY3JlYXRlIjo2MDAwMDAwMDAwMDAsImRlbGV0ZSI6MTIwMDAwMDAwMDAwMCwidXBkYXRlIjo2MDAwMDAwMDAwMDB9LCJzY2hlbWFfdmVyc2lvbiI6IjEifQ=="
        }
      ]
    },
    {
      "mode": "managed",
      "type": "aws_sns_topic",
      "name": "ue133_alerting_2",
      "provider": "provider[\"registry.terraform.io/hashicorp/aws\"]",
      "instances": [
        {
          "schema_version": 0,
          "attributes": {
            "application_failure_feedback_role_arn": "",
            "application_success_feedback_role_arn": "",
            "application_success_feedback_sample_rate": 0,
            "archive_policy": "",
            "arn": "arn:aws:sns:eu-central-1:875454170451:ue133_alerting_2",
            "beginning_archive_time": "",
            "content_based_deduplication": false,
            "delivery_policy": "",
            "display_name": "",
            "fifo_topic": false,
            "firehose_failure_feedback_role_arn": "",
            "firehose_success_feedback_role_arn": "",
            "firehose_success_feedback_sample_rate": 0,
            "http_failure_feedback_role_arn": "",
            "http_success_feedback_role_arn": "",
            "http_success_feedback_sample_rate": 0,
            "id": "arn:aws:sns:eu-central-1:875454170451:ue133_alerting_2",
            "kms_master_key_id": "",
            "lambda_failure_feedback_role_arn": "",
            "lambda_success_feedback_role_arn": "",
            "lambda_success_feedback_sample_rate": 0,
            "name": "ue133_alerting_2",
            "name_prefix": "",
            "owner": "875454170451",
            "policy": "{\"Id\":\"__default_policy_ID\",\"Statement\":[{\"Action\":[\"SNS:Publish\",\"SNS:RemovePermission\",\"SNS:SetTopicAttributes\",\"SNS:DeleteTopic\",\"SNS:ListSubscriptionsByTopic\",\"SNS:GetTopicAttributes\",\"SNS:AddPermission\",\"SNS:Subscribe\"],\"Condition\":{\"StringEquals\":{\"AWS:SourceOwner\":\"875454170451\"}},\"Effect\":\"Allow\",\"Principal\":{\"AWS\":\"*\"},\"Resource\":\"arn:aws:sns:eu-central-1:875454170451:ue133_alerting_2\",\"Sid\":\"__default_statement_ID\"}],\"Version\":\"2008-10-17\"}",
            "signature_version": 0,
            "sqs_failure_feedback_role_arn": "",
            "sqs_success_feedback_role_arn": "",
            "sqs_success_feedback_sample_rate": 0,
            "tags": {},
            "tags_all": {},
            "tracing_config": "PassThrough"
          },
          "sensitive_attributes": [],
          "private": "bnVsbA=="
        }
      ]
    },
    {
      "mode": "managed",
      "type": "aws_sns_topic_subscription",
      "name": "email_subscription",
      "provider": "provider[\"registry.terraform.io/hashicorp/aws\"]",
      "instances": [
        {
          "schema_version": 0,
          "attributes": {
            "arn": "arn:aws:sns:eu-central-1:875454170451:ue133_alerting_2:4b6bb608-fa56-44cc-b6af-15f49a3601cb",
            "confirmation_timeout_in_minutes": 1,
            "confirmation_was_authenticated": false,
            "delivery_policy": "",
            "endpoint": "christian.altenhofer@docc.techstarter.de",
            "endpoint_auto_confirms": false,
            "filter_policy": "",
            "filter_policy_scope": "",
            "id": "arn:aws:sns:eu-central-1:875454170451:ue133_alerting_2:4b6bb608-fa56-44cc-b6af-15f49a3601cb",
            "owner_id": "875454170451",
            "pending_confirmation": false,
            "protocol": "email",
            "raw_message_delivery": false,
            "redrive_policy": "",
            "replay_policy": "",
            "subscription_role_arn": "",
            "topic_arn": "arn:aws:sns:eu-central-1:875454170451:ue133_alerting_2"
          },
          "sensitive_attributes": [],
          "private": "bnVsbA==",
          "dependencies": [
            "aws_sns_topic.ue133_alerting_2"
          ]
        }
      ]
    },
    {
      "mode": "managed",
      "type": "local_file",
      "name": "ansible_hosts",
      "provider": "provider[\"registry.terraform.io/hashicorp/local\"]",
      "instances": [
        {
          "schema_version": 0,
          "attributes": {
            "content": "[prometheus]\r\n3.78.228.36 ansible_user=ubuntu ansible_ssh_private_key_file=~/UE119.pem\r\n[node_exporter]\r\n18.193.157.26 ansible_user=ubuntu ansible_ssh_private_key_file=~/UE119.pem\r\n[grafana]\r\n3.78.228.36 ansible_user=ubuntu ansible_ssh_private_key_file=~/UE119.pem\r\n\r\n[all:vars]\r\nnode_exporter_ip=18.193.157.26\r\n",
            "content_base64": null,
            "content_base64sha256": "uJn2S30gBCZOGrvt+aTQCNQTA9OLjfoBJwW0KCjvcZE=",
            "content_base64sha512": "ntef8avU/ZvoncOk0wv3uFr+JB55MuQIuf4AVlOHkuIKkgen9VrUsakubUeh5mDN6nwBndgyf5AQlaeSnh0/6A==",
            "content_md5": "d18032c1d55ea5153ed0fe46b0c2847d",
            "content_sha1": "ebae046787b85142ecae2574b8b9b70e6775f6f6",
            "content_sha256": "b899f64b7d2004264e1abbedf9a4d008d41303d38b8dfa012705b42828ef7191",
            "content_sha512": "9ed79ff1abd4fd9be89dc3a4d30bf7b85afe241e7932e408b9fe0056538792e20a9207a7f55ad4b1a92e6d47a1e660cdea7c019dd8327f901095a7929e1d3fe8",
            "directory_permission": "0777",
            "file_permission": "0777",
            "filename": "./hosts.ini",
            "id": "ebae046787b85142ecae2574b8b9b70e6775f6f6",
            "sensitive_content": null,
            "source": null
          },
          "sensitive_attributes": [],
          "dependencies": [
            "aws_instance.node_exporter",
            "aws_instance.prometheus",
            "data.template_file.hosts_file"
          ]
        }
      ]
    },
    {
      "mode": "managed",
      "type": "null_resource",
      "name": "ansible_provisioning",
      "provider": "provider[\"registry.terraform.io/hashicorp/null\"]",
      "instances": [
        {
          "status": "tainted",
          "schema_version": 0,
          "attributes": {
            "id": "8998446452145525783",
            "triggers": {
              "always_run": "2023-11-16T14:22:46Z"
            }
          },
          "sensitive_attributes": [],
          "dependencies": [
            "aws_instance.node_exporter",
            "aws_instance.prometheus",
            "data.template_file.hosts_file",
            "local_file.ansible_hosts",
            "null_resource.update_ip"
          ]
        }
      ]
    },
    {
      "mode": "managed",
      "type": "null_resource",
      "name": "update_ip",
      "provider": "provider[\"registry.terraform.io/hashicorp/null\"]",
      "instances": [
        {
          "schema_version": 0,
          "attributes": {
            "id": "3098106183753249092",
            "triggers": null
          },
          "sensitive_attributes": [],
          "dependencies": [
            "aws_instance.node_exporter",
            "aws_instance.prometheus",
            "data.template_file.hosts_file",
            "local_file.ansible_hosts"
          ]
        }
      ]
    }
  ],
  "check_results": null
}
